github.com/egtann/component v0.0.0-20181105184933-8f39bcdff390 h1:Sd9E/dKH7UTSds48iQx1HALDfRYpgFyPOgro5lIVwJs=
github.com/egtann/component v0.0.0-20181105184933-8f39bcdff390/go.mod h1:hkWT9MYe8KTv4CKKrYnDnscyfamiLK3VAPaVm3IJs5o=
github.com/go-chi/chi v4.0.1+incompatible h1:RSRC5qmFPtO90t7pTL0DBMNpZFsb/sHF3RXVlDgFisA=
github.com/go-chi/chi v4.0.1+incompatible/go.mod h1:eB3wogJHnLi3x/kFX2A+IbTBlXxmMeXJVKy9tTv1XzQ=
github.com/pkg/errors v0.8.0/go.mod h1:bwawxfHBFNV+L2hUp1rHADufV3IMtnDRdf1r5NINEl0=
github.com/pkg/errors v0.8.1 h1:iURUrRGxPUNPdy5/HRSm+Yj6okJ6UtLINN0Q9M4+h3I=
github.com/pkg/errors v0.8.1/go.mod h1:bwawxfHBFNV+L2hUp1rHADufV3IMtnDRdf1r5NINEl0=
github.com/rs/xid v1.2.1 h1:mhH9Nq+C1fY2l1XIpgxIiUOfNpRBYH1kKcr+qfKgjRc=
github.com/rs/xid v1.2.1/go.mod h1:+uKXf+4Djp6Md1KODXJxgGQPKngRmWyn10oCKFzNHOQ=
github.com/rs/zerolog v1.11.0 h1:DRuq/S+4k52uJzBQciUcofXx45GrMC6yrEbb/CoK6+M=
github.com/rs/zerolog v1.11.0/go.mod h1:YbFCdg8HfsridGWAh22vktObvhZbQsZXe4/zB0OKkWU=
github.com/zenazn/goji v0.9.0 h1:RSQQAbXGArQ0dIDEq+PI6WqN6if+5KHu6x2Cx/GXLTQ=
github.com/zenazn/goji v0.9.0/go.mod h1:7S9M489iMyHBNxwZnk9/EHS098H4/F6TATF2mIxtB1Q=
golang.org/x/net v0.0.0-20180218175443-cbe0f9307d01 h1:po1f06KS05FvIQQA2pMuOWZAUXiy1KYdIf0ElUU2Hhc=
golang.org/x/net v0.0.0-20180218175443-cbe0f9307d01/go.mod h1:mL1N/T3taQHkDXs73rZJwtUhF3w3ftmwwsq0BUmARs4=
golang.org/x/text v0.3.0 h1:g61tztE5qeGQ89tm6NTjjM9VPIm088od1l6aSorWRWg=
golang.org/x/text v0.3.0/go.mod h1:NqM8EUOU14njkJ3fqMW+pc6Ldnwhi/IjpwHt7yyuwOQ=
